
Microsoft Visual Studio Solution File, Format Version 12.00
# Visual Studio 14
VisualStudioVersion = 14.0.22823.1
MinimumVisualStudioVersion = 10.0.40219.1
Project("{FAE04EC0-301F-11D3-BF4B-00C04F79EFBC}") = "slowcheetah-vs2015rc", "slowcheetah-vs2015rc\slowcheetah-vs2015rc.csproj", "{D674F9DD-66DE-4DC9-BDB8-947AD14218A1}"
EndProject
Global
	GlobalSection(SolutionConfigurationPlatforms) = preSolution
		Debug|Any CPU = Debug|Any CPU
		Release|Any CPU = Release|Any CPU
	EndGlobalSection
	GlobalSection(ProjectConfigurationPlatforms) = postSolution
		{D674F9DD-66DE-4DC9-BDB8-947AD14218A1}.Debug|Any CPU.ActiveCfg = Debug|Any CPU
		{D674F9DD-66DE-4DC9-BDB8-947AD14218A1}.Debug|Any CPU.Build.0 = Debug|Any CPU
		{D674F9DD-66DE-4DC9-BDB8-947AD14218A1}.Release|Any CPU.ActiveCfg = Release|Any CPU
		{D674F9DD-66DE-4DC9-BDB8-947AD14218A1}.Release|Any CPU.Build.0 = Release|Any CPU
	EndGlobalSection
	GlobalSection(SolutionProperties) = preSolution
		HideSolutionNode = FALSE
	EndGlobalSection
EndGlobal
